
Microsoft Visual Studio Solution File, Format Version 12.00
# Visual Studio Version 17
VisualStudioVersion = 17.10.35013.160
MinimumVisualStudioVersion = 10.0.40219.1
Project("{FAE04EC0-301F-11D3-BF4B-00C04F79EFBC}") = "ProductApp", "ProductApp.csproj", "{A060C6D0-B9AA-47E3-BA28-D8C8BD9BA749}"
EndProject
Global
	GlobalSection(SolutionConfigurationPlatforms) = preSolution
		Debug|Any CPU = Debug|Any CPU
		Release|Any CPU = Release|Any CPU
	EndGlobalSection
	GlobalSection(ProjectConfigurationPlatforms) = postSolution
		{A060C6D0-B9AA-47E3-BA28-D8C8BD9BA749}.Debug|Any CPU.ActiveCfg = Debug|Any CPU
		{A060C6D0-B9AA-47E3-BA28-D8C8BD9BA749}.Debug|Any CPU.Build.0 = Debug|Any CPU
		{A060C6D0-B9AA-47E3-BA28-D8C8BD9BA749}.Release|Any CPU.ActiveCfg = Release|Any CPU
		{A060C6D0-B9AA-47E3-BA28-D8C8BD9BA749}.Release|Any CPU.Build.0 = Release|Any CPU
	EndGlobalSection
	GlobalSection(SolutionProperties) = preSolution
		HideSolutionNode = FALSE
	EndGlobalSection
	GlobalSection(ExtensibilityGlobals) = postSolution
		SolutionGuid = {A35FC856-BB86-4F88-91EE-AED1BCE39A92}
	EndGlobalSection
EndGlobal
